// !$*UTF8*$!
{
	archiveVersion = 1;
	classes = {
	};
	objectVersion = 46;
	objects = {

/* Begin PBXBuildFile section */
		489577791933B51200F61ABC /* Foundation.framework in Frameworks */ = {isa = PBXBuildFile; fileRef = 489577781933B51200F61ABC /* Foundation.framework */; };
		4895777B1933B51200F61ABC /* CoreGraphics.framework in Frameworks */ = {isa = PBXBuildFile; fileRef = 4895777A1933B51200F61ABC /* CoreGraphics.framework */; };
		4895777D1933B51200F61ABC /* UIKit.framework in Frameworks */ = {isa = PBXBuildFile; fileRef = 4895777C1933B51200F61ABC /* UIKit.framework */; };
		489577831933B51200F61ABC /* InfoPlist.strings in Resources */ = {isa = PBXBuildFile; fileRef = 489577811933B51200F61ABC /* InfoPlist.strings */; };
		489577851933B51200F61ABC /* main.m in Sources */ = {isa = PBXBuildFile; fileRef = 489577841933B51200F61ABC /* main.m */; };
		489577891933B51200F61ABC /* BTAppDelegate.m in Sources */ = {isa = PBXBuildFile; fileRef = 489577881933B51200F61ABC /* BTAppDelegate.m */; };
		4895778B1933B51200F61ABC /* Images.xcassets in Resources */ = {isa = PBXBuildFile; fileRef = 4895778A1933B51200F61ABC /* Images.xcassets */; };
		489577921933B51200F61ABC /* XCTest.framework in Frameworks */ = {isa = PBXBuildFile; fileRef = 489577911933B51200F61ABC /* XCTest.framework */; };
		489577931933B51200F61ABC /* Foundation.framework in Frameworks */ = {isa = PBXBuildFile; fileRef = 489577781933B51200F61ABC /* Foundation.framework */; };
		489577941933B51200F61ABC /* UIKit.framework in Frameworks */ = {isa = PBXBuildFile; fileRef = 4895777C1933B51200F61ABC /* UIKit.framework */; };
		4895779C1933B51200F61ABC /* InfoPlist.strings in Resources */ = {isa = PBXBuildFile; fileRef = 4895779A1933B51200F61ABC /* InfoPlist.strings */; };
		4895779E1933B51200F61ABC /* Bright_ToneTests.m in Sources */ = {isa = PBXBuildFile; fileRef = 4895779D1933B51200F61ABC /* Bright_ToneTests.m */; };
/* End PBXBuildFile section */

/* Begin PBXContainerItemProxy section */
		489577951933B51200F61ABC /* PBXContainerItemProxy */ = {
			isa = PBXContainerItemProxy;
			containerPortal = 4895776D1933B51200F61ABC /* Project object */;
			proxyType = 1;
			remoteGlobalIDString = 489577741933B51200F61ABC;
			remoteInfo = "Bright Tone";
		};
/* End PBXContainerItemProxy section */

/* Begin PBXFileReference section */
		489577751933B51200F61ABC /* Bright Tone.app */ = {isa = PBXFileReference; explicitFileType = wrapper.application; includeInIndex = 0; path = "Bright Tone.app"; sourceTree = BUILT_PRODUCTS_DIR; };
		489577781933B51200F61ABC /* Foundation.framework */ = {isa = PBXFileReference; lastKnownFileType = wrapper.framework; name = Foundation.framework; path = System/Library/Frameworks/Foundation.framework; sourceTree = SDKROOT; };
		4895777A1933B51200F61ABC /* CoreGraphics.framework */ = {isa = PBXFileReference; lastKnownFileType = wrapper.framework; name = CoreGraphics.framework; path = System/Library/Frameworks/CoreGraphics.framework; sourceTree = SDKROOT; };
		4895777C1933B51200F61ABC /* UIKit.framework */ = {isa = PBXFileReference; lastKnownFileType = wrapper.framework; name = UIKit.framework; path = System/Library/Frameworks/UIKit.framework; sourceTree = SDKROOT; };
		489577801933B51200F61ABC /* Bright Tone-Info.plist */ = {isa = PBXFileReference; lastKnownFileType = text.plist.xml; path = "Bright Tone-Info.plist"; sourceTree = "<group>"; };
		489577821933B51200F61ABC /* en */ = {isa = PBXFileReference; lastKnownFileType = text.plist.strings; name = en; path = en.lproj/InfoPlist.strings; sourceTree = "<group>"; };
		489577841933B51200F61ABC /* main.m */ = {isa = PBXFileReference; lastKnownFileType = sourcecode.c.objc; path = main.m; sourceTree = "<group>"; };
		489577861933B51200F61ABC /* Bright Tone-Prefix.pch */ = {isa = PBXFileReference; lastKnownFileType = sourcecode.c.h; path = "Bright Tone-Prefix.pch"; sourceTree = "<group>"; };
		489577871933B51200F61ABC /* BTAppDelegate.h */ = {isa = PBXFileReference; lastKnownFileType = sourcecode.c.h; path = BTAppDelegate.h; sourceTree = "<group>"; };
		489577881933B51200F61ABC /* BTAppDelegate.m */ = {isa = PBXFileReference; lastKnownFileType = sourcecode.c.objc; path = BTAppDelegate.m; sourceTree = "<group>"; };
		4895778A1933B51200F61ABC /* Images.xcassets */ = {isa = PBXFileReference; lastKnownFileType = folder.assetcatalog; path = Images.xcassets; sourceTree = "<group>"; };
		489577901933B51200F61ABC /* Bright ToneTests.xctest */ = {isa = PBXFileReference; explicitFileType = wrapper.cfbundle; includeInIndex = 0; path = "Bright ToneTests.xctest"; sourceTree = BUILT_PRODUCTS_DIR; };
		489577911933B51200F61ABC /* XCTest.framework */ = {isa = PBXFileReference; lastKnownFileType = wrapper.framework; name = XCTest.framework; path = Library/Frameworks/XCTest.framework; sourceTree = DEVELOPER_DIR; };
		489577991933B51200F61ABC /* Bright ToneTests-Info.plist */ = {isa = PBXFileReference; lastKnownFileType = text.plist.xml; path = "Bright ToneTests-Info.plist"; sourceTree = "<group>"; };
		4895779B1933B51200F61ABC /* en */ = {isa = PBXFileReference; lastKnownFileType = text.plist.strings; name = en; path = en.lproj/InfoPlist.strings; sourceTree = "<group>"; };
		4895779D1933B51200F61ABC /* Bright_ToneTests.m */ = {isa = PBXFileReference; lastKnownFileType = sourcecode.c.objc; path = Bright_ToneTests.m; sourceTree = "<group>"; };
/* End PBXFileReference section */

/* Begin PBXFrameworksBuildPhase section */
		489577721933B51200F61ABC /* Frameworks */ = {
			isa = PBXFrameworksBuildPhase;
			buildActionMask = 2147483647;
			files = (
				4895777B1933B51200F61ABC /* CoreGraphics.framework in Frameworks */,
				4895777D1933B51200F61ABC /* UIKit.framework in Frameworks */,
				489577791933B51200F61ABC /* Foundation.framework in Frameworks */,
			);
			runOnlyForDeploymentPostprocessing = 0;
		};
		4895778D1933B51200F61ABC /* Frameworks */ = {
			isa = PBXFrameworksBuildPhase;
			buildActionMask = 2147483647;
			files = (
				489577921933B51200F61ABC /* XCTest.framework in Frameworks */,
				489577941933B51200F61ABC /* UIKit.framework in Frameworks */,
				489577931933B51200F61ABC /* Foundation.framework in Frameworks */,
			);
			runOnlyForDeploymentPostprocessing = 0;
		};
/* End PBXFrameworksBuildPhase section */

/* Begin PBXGroup section */
		4895776C1933B51200F61ABC = {
			isa = PBXGroup;
			children = (
				4895777E1933B51200F61ABC /* Bright Tone */,
				489577971933B51200F61ABC /* Bright ToneTests */,
				489577771933B51200F61ABC /* Frameworks */,
				489577761933B51200F61ABC /* Products */,
			);
			sourceTree = "<group>";
		};
		489577761933B51200F61ABC /* Products */ = {
			isa = PBXGroup;
			children = (
				489577751933B51200F61ABC /* Bright Tone.app */,
				489577901933B51200F61ABC /* Bright ToneTests.xctest */,
			);
			name = Products;
			sourceTree = "<group>";
		};
		489577771933B51200F61ABC /* Frameworks */ = {
			isa = PBXGroup;
			children = (
				489577781933B51200F61ABC /* Foundation.framework */,
				4895777A1933B51200F61ABC /* CoreGraphics.framework */,
				4895777C1933B51200F61ABC /* UIKit.framework */,
				489577911933B51200F61ABC /* XCTest.framework */,
			);
			name = Frameworks;
			sourceTree = "<group>";
		};
		4895777E1933B51200F61ABC /* Bright Tone */ = {
			isa = PBXGroup;
			children = (
				489577871933B51200F61ABC /* BTAppDelegate.h */,
				489577881933B51200F61ABC /* BTAppDelegate.m */,
				4895778A1933B51200F61ABC /* Images.xcassets */,
				4895777F1933B51200F61ABC /* Supporting Files */,
			);
			path = "Bright Tone";
			sourceTree = "<group>";
		};
		4895777F1933B51200F61ABC /* Supporting Files */ = {
			isa = PBXGroup;
			children = (
				489577801933B51200F61ABC /* Bright Tone-Info.plist */,
				489577811933B51200F61ABC /* InfoPlist.strings */,
				489577841933B51200F61ABC /* main.m */,
				489577861933B51200F61ABC /* Bright Tone-Prefix.pch */,
			);
			name = "Supporting Files";
			sourceTree = "<group>";
		};
		489577971933B51200F61ABC /* Bright ToneTests */ = {
			isa = PBXGroup;
			children = (
				4895779D1933B51200F61ABC /* Bright_ToneTests.m */,
				489577981933B51200F61ABC /* Supporting Files */,
			);
			path = "Bright ToneTests";
			sourceTree = "<group>";
		};
		489577981933B51200F61ABC /* Supporting Files */ = {
			isa = PBXGroup;
			children = (
				489577991933B51200F61ABC /* Bright ToneTests-Info.plist */,
				4895779A1933B51200F61ABC /* InfoPlist.strings */,
			);
			name = "Supporting Files";
			sourceTree = "<group>";
		};
/* End PBXGroup section */

/* Begin PBXNativeTarget section */
		489577741933B51200F61ABC /* Bright Tone */ = {
			isa = PBXNativeTarget;
			buildConfigurationList = 489577A11933B51200F61ABC /* Build configuration list for PBXNativeTarget "Bright Tone" */;
			buildPhases = (
				489577711933B51200F61ABC /* Sources */,
				489577721933B51200F61ABC /* Frameworks */,
				489577731933B51200F61ABC /* Resources */,
			);
			buildRules = (
			);
			dependencies = (
			);
			name = "Bright Tone";
			productName = "Bright Tone";
			productReference = 489577751933B51200F61ABC /* Bright Tone.app */;
			productType = "com.apple.product-type.application";
		};
		4895778F1933B51200F61ABC /* Bright ToneTests */ = {
			isa = PBXNativeTarget;
			buildConfigurationList = 489577A41933B51200F61ABC /* Build configuration list for PBXNativeTarget "Bright ToneTests" */;
			buildPhases = (
				4895778C1933B51200F61ABC /* Sources */,
				4895778D1933B51200F61ABC /* Frameworks */,
				4895778E1933B51200F61ABC /* Resources */,
			);
			buildRules = (
			);
			dependencies = (
				489577961933B51200F61ABC /* PBXTargetDependency */,
			);
			name = "Bright ToneTests";
			productName = "Bright ToneTests";
			productReference = 489577901933B51200F61ABC /* Bright ToneTests.xctest */;
			productType = "com.apple.product-type.bundle.unit-test";
		};
/* End PBXNativeTarget section */

/* Begin PBXProject section */
		4895776D1933B51200F61ABC /* Project object */ = {
			isa = PBXProject;
			attributes = {
				CLASSPREFIX = BT;
				LastUpgradeCheck = 0510;
				ORGANIZATIONNAME = "Tim Shim";
				TargetAttributes = {
					4895778F1933B51200F61ABC = {
						TestTargetID = 489577741933B51200F61ABC;
					};
				};
			};
			buildConfigurationList = 489577701933B51200F61ABC /* Build configuration list for PBXProject "Bright Tone" */;
			compatibilityVersion = "Xcode 3.2";
			developmentRegion = English;
			hasScannedForEncodings = 0;
			knownRegions = (
				en,
			);
			mainGroup = 4895776C1933B51200F61ABC;
			productRefGroup = 489577761933B51200F61ABC /* Products */;
			projectDirPath = "";
			projectRoot = "";
			targets = (
				489577741933B51200F61ABC /* Bright Tone */,
				4895778F1933B51200F61ABC /* Bright ToneTests */,
			);
		};
/* End PBXProject section */

/* Begin PBXResourcesBuildPhase section */
		489577731933B51200F61ABC /* Resources */ = {
			isa = PBXResourcesBuildPhase;
			buildActionMask = 2147483647;
			files = (
				489577831933B51200F61ABC /* InfoPlist.strings in Resources */,
				4895778B1933B51200F61ABC /* Images.xcassets in Resources */,
			);
			runOnlyForDeploymentPostprocessing = 0;
		};
		4895778E1933B51200F61ABC /* Resources */ = {
			isa = PBXResourcesBuildPhase;
			buildActionMask = 2147483647;
			files = (
				4895779C1933B51200F61ABC /* InfoPlist.strings in Resources */,
			);
			runOnlyForDeploymentPostprocessing = 0;
		};
/* End PBXResourcesBuildPhase section */

/* Begin PBXSourcesBuildPhase section */
		489577711933B51200F61ABC /* Sources */ = {
			isa = PBXSourcesBuildPhase;
			buildActionMask = 2147483647;
			files = (
				489577891933B51200F61ABC /* BTAppDelegate.m in Sources */,
				489577851933B51200F61ABC /* main.m in Sources */,
			);
			runOnlyForDeploymentPostprocessing = 0;
		};
		4895778C1933B51200F61ABC /* Sources */ = {
			isa = PBXSourcesBuildPhase;
			buildActionMask = 2147483647;
			files = (
				4895779E1933B51200F61ABC /* Bright_ToneTests.m in Sources */,
			);
			runOnlyForDeploymentPostprocessing = 0;
		};
/* End PBXSourcesBuildPhase section */

/* Begin PBXTargetDependency section */
		489577961933B51200F61ABC /* PBXTargetDependency */ = {
			isa = PBXTargetDependency;
			target = 489577741933B51200F61ABC /* Bright Tone */;
			targetProxy = 489577951933B51200F61ABC /* PBXContainerItemProxy */;
		};
/* End PBXTargetDependency section */

/* Begin PBXVariantGroup section */
		489577811933B51200F61ABC /* InfoPlist.strings */ = {
			isa = PBXVariantGroup;
			children = (
				489577821933B51200F61ABC /* en */,
			);
			name = InfoPlist.strings;
			sourceTree = "<group>";
		};
		4895779A1933B51200F61ABC /* InfoPlist.strings */ = {
			isa = PBXVariantGroup;
			children = (
				4895779B1933B51200F61ABC /* en */,
			);
			name = InfoPlist.strings;
			sourceTree = "<group>";
		};
/* End PBXVariantGroup section */

/* Begin XCBuildConfiguration section */
		4895779F1933B51200F61ABC /* Debug */ = {
			isa = XCBuildConfiguration;
			buildSettings = {
				ALWAYS_SEARCH_USER_PATHS = NO;
				CLANG_CXX_LANGUAGE_STANDARD = "gnu++0x";
				CLANG_CXX_LIBRARY = "libc++";
				CLANG_ENABLE_MODULES = YES;
				CLANG_ENABLE_OBJC_ARC = YES;
				CLANG_WARN_BOOL_CONVERSION = YES;
				CLANG_WARN_CONSTANT_CONVERSION = YES;
				CLANG_WARN_DIRECT_OBJC_ISA_USAGE = YES_ERROR;
				CLANG_WARN_EMPTY_BODY = YES;
				CLANG_WARN_ENUM_CONVERSION = YES;
				CLANG_WARN_INT_CONVERSION = YES;
				CLANG_WARN_OBJC_ROOT_CLASS = YES_ERROR;
				CLANG_WARN__DUPLICATE_METHOD_MATCH = YES;
				"CODE_SIGN_IDENTITY[sdk=iphoneos*]" = "iPhone Developer";
				COPY_PHASE_STRIP = NO;
				GCC_C_LANGUAGE_STANDARD = gnu99;
				GCC_DYNAMIC_NO_PIC = NO;
				GCC_OPTIMIZATION_LEVEL = 0;
				GCC_PREPROCESSOR_DEFINITIONS = (
					"DEBUG=1",
					"$(inherited)",
				);
				GCC_SYMBOLS_PRIVATE_EXTERN = NO;
				GCC_WARN_64_TO_32_BIT_CONVERSION = YES;
				GCC_WARN_ABOUT_RETURN_TYPE = YES_ERROR;
				GCC_WARN_UNDECLARED_SELECTOR = YES;
				GCC_WARN_UNINITIALIZED_AUTOS = YES_AGGRESSIVE;
				GCC_WARN_UNUSED_FUNCTION = YES;
				GCC_WARN_UNUSED_VARIABLE = YES;
				IPHONEOS_DEPLOYMENT_TARGET = 7.1;
				ONLY_ACTIVE_ARCH = YES;
				SDKROOT = iphoneos;
			};
			name = Debug;
		};
		489577A01933B51200F61ABC /* Release */ = {
			isa = XCBuildConfiguration;
			buildSettings = {
				ALWAYS_SEARCH_USER_PATHS = NO;
				CLANG_CXX_LANGUAGE_STANDARD = "gnu++0x";
				CLANG_CXX_LIBRARY = "libc++";
				CLANG_ENABLE_MODULES = YES;
				CLANG_ENABLE_OBJC_ARC = YES;
				CLANG_WARN_BOOL_CONVERSION = YES;
				CLANG_WARN_CONSTANT_CONVERSION = YES;
				CLANG_WARN_DIRECT_OBJC_ISA_USAGE = YES_ERROR;
				CLANG_WARN_EMPTY_BODY = YES;
				CLANG_WARN_ENUM_CONVERSION = YES;
				CLANG_WARN_INT_CONVERSION = YES;
				CLANG_WARN_OBJC_ROOT_CLASS = YES_ERROR;
				CLANG_WARN__DUPLICATE_METHOD_MATCH = YES;
				"CODE_SIGN_IDENTITY[sdk=iphoneos*]" = "iPhone Developer";
				COPY_PHASE_STRIP = YES;
				ENABLE_NS_ASSERTIONS = NO;
				GCC_C_LANGUAGE_STANDARD = gnu99;
				GCC_WARN_64_TO_32_BIT_CONVERSION = YES;
				GCC_WARN_ABOUT_RETURN_TYPE = YES_ERROR;
				GCC_WARN_UNDECLARED_SELECTOR = YES;
				GCC_WARN_UNINITIALIZED_AUTOS = YES_AGGRESSIVE;
				GCC_WARN_UNUSED_FUNCTION = YES;
				GCC_WARN_UNUSED_VARIABLE = YES;
				IPHONEOS_DEPLOYMENT_TARGET = 7.1;
				SDKROOT = iphoneos;
				VALIDATE_PRODUCT = YES;
			};
			name = Release;
		};
		489577A21933B51200F61ABC /* Debug */ = {
			isa = XCBuildConfiguration;
			buildSettings = {
				ASSETCATALOG_COMPILER_APPICON_NAME = AppIcon;
				ASSETCATALOG_COMPILER_LAUNCHIMAGE_NAME = LaunchImage;
				GCC_PRECOMPILE_PREFIX_HEADER = YES;
				GCC_PREFIX_HEADER = "Bright Tone/Bright Tone-Prefix.pch";
				INFOPLIST_FILE = "Bright Tone/Bright Tone-Info.plist";
				PRODUCT_NAME = "$(TARGET_NAME)";
				WRAPPER_EXTENSION = app;
			};
			name = Debug;
		};
		489577A31933B51200F61ABC /* Release */ = {
			isa = XCBuildConfiguration;
			buildSettings = {
				ASSETCATALOG_COMPILER_APPICON_NAME = AppIcon;
				ASSETCATALOG_COMPILER_LAUNCHIMAGE_NAME = LaunchImage;
				GCC_PRECOMPILE_PREFIX_HEADER = YES;
				GCC_PREFIX_HEADER = "Bright Tone/Bright Tone-Prefix.pch";
				INFOPLIST_FILE = "Bright Tone/Bright Tone-Info.plist";
				PRODUCT_NAME = "$(TARGET_NAME)";
				WRAPPER_EXTENSION = app;
			};
			name = Release;
		};
		489577A51933B51200F61ABC /* Debug */ = {
			isa = XCBuildConfiguration;
			buildSettings = {
				BUNDLE_LOADER = "$(BUILT_PRODUCTS_DIR)/Bright Tone.app/Bright Tone";
				FRAMEWORK_SEARCH_PATHS = (
					"$(SDKROOT)/Developer/Library/Frameworks",
					"$(inherited)",
					"$(DEVELOPER_FRAMEWORKS_DIR)",
				);
				GCC_PRECOMPILE_PREFIX_HEADER = YES;
				GCC_PREFIX_HEADER = "Bright Tone/Bright Tone-Prefix.pch";
				GCC_PREPROCESSOR_DEFINITIONS = (
					"DEBUG=1",
					"$(inherited)",
				);
				INFOPLIST_FILE = "Bright ToneTests/Bright ToneTests-Info.plist";
				PRODUCT_NAME = "$(TARGET_NAME)";
				TEST_HOST = "$(BUNDLE_LOADER)";
				WRAPPER_EXTENSION = xctest;
			};
			name = Debug;
		};
		489577A61933B51200F61ABC /* Release */ = {
			isa = XCBuildConfiguration;
			buildSettings = {
				BUNDLE_LOADER = "$(BUILT_PRODUCTS_DIR)/Bright Tone.app/Bright Tone";
				FRAMEWORK_SEARCH_PATHS = (
					"$(SDKROOT)/Developer/Library/Frameworks",
					"$(inherited)",
					"$(DEVELOPER_FRAMEWORKS_DIR)",
				);
				GCC_PRECOMPILE_PREFIX_HEADER = YES;
				GCC_PREFIX_HEADER = "Bright Tone/Bright Tone-Prefix.pch";
				INFOPLIST_FILE = "Bright ToneTests/Bright ToneTests-Info.plist";
				PRODUCT_NAME = "$(TARGET_NAME)";
				TEST_HOST = "$(BUNDLE_LOADER)";
				WRAPPER_EXTENSION = xctest;
			};
			name = Release;
		};
/* End XCBuildConfiguration section */

/* Begin XCConfigurationList section */
		489577701933B51200F61ABC /* Build configuration list for PBXProject "Bright Tone" */ = {
			isa = XCConfigurationList;
			buildConfigurations = (
				4895779F1933B51200F61ABC /* Debug */,
				489577A01933B51200F61ABC /* Release */,
			);
			defaultConfigurationIsVisible = 0;
			defaultConfigurationName = Release;
		};
		489577A11933B51200F61ABC /* Build configuration list for PBXNativeTarget "Bright Tone" */ = {
			isa = XCConfigurationList;
			buildConfigurations = (
				489577A21933B51200F61ABC /* Debug */,
				489577A31933B51200F61ABC /* Release */,
			);
			defaultConfigurationIsVisible = 0;
		};
		489577A41933B51200F61ABC /* Build configuration list for PBXNativeTarget "Bright ToneTests" */ = {
			isa = XCConfigurationList;
			buildConfigurations = (
				489577A51933B51200F61ABC /* Debug */,
				489577A61933B51200F61ABC /* Release */,
			);
			defaultConfigurationIsVisible = 0;
		};
/* End XCConfigurationList section */
	};
	rootObject = 4895776D1933B51200F61ABC /* Project object */;
}
